
Microsoft Visual Studio Solution File, Format Version 12.00
# Visual Studio Version 17
VisualStudioVersion = 17.7.34024.191
MinimumVisualStudioVersion = 10.0.40219.1
Project("{9A19103F-16F7-4668-BE54-9A1E7A4F7556}") = "Лаба9", "Лаба9\Лаба9.csproj", "{CDF4203E-1B6A-45A5-AFD2-84C8947A0E62}"
EndProject
Project("{FAE04EC0-301F-11D3-BF4B-00C04F79EFBC}") = "hviwdesoeeohu", "hviwdesoeeohu\hviwdesoeeohu.csproj", "{8FA8FCDD-F46E-4A38-952C-EF7E2B96B7A6}"
EndProject
Global
	GlobalSection(SolutionConfigurationPlatforms) = preSolution
		Debug|Any CPU = Debug|Any CPU
		Release|Any CPU = Release|Any CPU
	EndGlobalSection
	GlobalSection(ProjectConfigurationPlatforms) = postSolution
		{CDF4203E-1B6A-45A5-AFD2-84C8947A0E62}.Debug|Any CPU.ActiveCfg = Debug|Any CPU
		{CDF4203E-1B6A-45A5-AFD2-84C8947A0E62}.Debug|Any CPU.Build.0 = Debug|Any CPU
		{CDF4203E-1B6A-45A5-AFD2-84C8947A0E62}.Release|Any CPU.ActiveCfg = Release|Any CPU
		{CDF4203E-1B6A-45A5-AFD2-84C8947A0E62}.Release|Any CPU.Build.0 = Release|Any CPU
		{8FA8FCDD-F46E-4A38-952C-EF7E2B96B7A6}.Debug|Any CPU.ActiveCfg = Debug|Any CPU
		{8FA8FCDD-F46E-4A38-952C-EF7E2B96B7A6}.Debug|Any CPU.Build.0 = Debug|Any CPU
		{8FA8FCDD-F46E-4A38-952C-EF7E2B96B7A6}.Release|Any CPU.ActiveCfg = Release|Any CPU
		{8FA8FCDD-F46E-4A38-952C-EF7E2B96B7A6}.Release|Any CPU.Build.0 = Release|Any CPU
	EndGlobalSection
	GlobalSection(SolutionProperties) = preSolution
		HideSolutionNode = FALSE
	EndGlobalSection
	GlobalSection(ExtensibilityGlobals) = postSolution
		SolutionGuid = {48007A5E-C9B2-476B-8155-EB640440D1AF}
	EndGlobalSection
EndGlobal
